// !$*UTF8*$!
{
	archiveVersion = 1;
	classes = {
	};
	objectVersion = 56;
	objects = {

/* Begin PBXBuildFile section */
		852992CE2DDA1FBC0087B5F9 /* TaskListPresenterTests.swift in Sources */ = {isa = PBXBuildFile; fileRef = 852992CD2DDA1FBC0087B5F9 /* TaskListPresenterTests.swift */; };
		852992D12DDA28200087B5F9 /* TaskListInteractorTests.swift in Sources */ = {isa = PBXBuildFile; fileRef = 852992D02DDA28200087B5F9 /* TaskListInteractorTests.swift */; };
		852992D32DDA28900087B5F9 /* TaskStorageServiceTests.swift in Sources */ = {isa = PBXBuildFile; fileRef = 852992D22DDA28900087B5F9 /* TaskStorageServiceTests.swift */; };
		852992D52DDA29BE0087B5F9 /* NetworkServiceTests.swift in Sources */ = {isa = PBXBuildFile; fileRef = 852992D42DDA29BE0087B5F9 /* NetworkServiceTests.swift */; };
		852992D72DDA2D840087B5F9 /* TaskDetailsPresenterTests.swift in Sources */ = {isa = PBXBuildFile; fileRef = 852992D62DDA2D840087B5F9 /* TaskDetailsPresenterTests.swift */; };
		852992D92DDA2E680087B5F9 /* TaskDetailsInteractorTests.swift in Sources */ = {isa = PBXBuildFile; fileRef = 852992D82DDA2E680087B5F9 /* TaskDetailsInteractorTests.swift */; };
		854228F42D886E1F00965106 /* AppDelegate.swift in Sources */ = {isa = PBXBuildFile; fileRef = 854228F32D886E1F00965106 /* AppDelegate.swift */; };
		854228F62D886E1F00965106 /* SceneDelegate.swift in Sources */ = {isa = PBXBuildFile; fileRef = 854228F52D886E1F00965106 /* SceneDelegate.swift */; };
		854228F82D886E1F00965106 /* TasksListViewController.swift in Sources */ = {isa = PBXBuildFile; fileRef = 854228F72D886E1F00965106 /* TasksListViewController.swift */; };
		854228FE2D886E1F00965106 /* ToDo_List.xcdatamodeld in Sources */ = {isa = PBXBuildFile; fileRef = 854228FC2D886E1F00965106 /* ToDo_List.xcdatamodeld */; };
		854229002D886E2100965106 /* Assets.xcassets in Resources */ = {isa = PBXBuildFile; fileRef = 854228FF2D886E2100965106 /* Assets.xcassets */; };
		854229032D886E2100965106 /* Base in Resources */ = {isa = PBXBuildFile; fileRef = 854229022D886E2100965106 /* Base */; };
		854229272D8981DE00965106 /* TasksListRouter.swift in Sources */ = {isa = PBXBuildFile; fileRef = 854229262D8981DE00965106 /* TasksListRouter.swift */; };
		854229292D8983D800965106 /* TasksListPresenter.swift in Sources */ = {isa = PBXBuildFile; fileRef = 854229282D8983D800965106 /* TasksListPresenter.swift */; };
		8542292D2D89849000965106 /* TasksListInteractor.swift in Sources */ = {isa = PBXBuildFile; fileRef = 8542292C2D89849000965106 /* TasksListInteractor.swift */; };
		854229302D8984F400965106 /* TasksListAssembly.swift in Sources */ = {isa = PBXBuildFile; fileRef = 8542292F2D8984F400965106 /* TasksListAssembly.swift */; };
		854229322D919C7600965106 /* Task.swift in Sources */ = {isa = PBXBuildFile; fileRef = 854229312D919C7600965106 /* Task.swift */; };
		854229342D94017000965106 /* TaskTableViewCell.swift in Sources */ = {isa = PBXBuildFile; fileRef = 854229332D94017000965106 /* TaskTableViewCell.swift */; };
		854229402DA6D30600965106 /* NetworkService.swift in Sources */ = {isa = PBXBuildFile; fileRef = 8542293F2DA6D30600965106 /* NetworkService.swift */; };
		854229432DBFAE2F00965106 /* TaskDetailsViewController.swift in Sources */ = {isa = PBXBuildFile; fileRef = 854229422DBFAE2F00965106 /* TaskDetailsViewController.swift */; };
		854229B42DD3ECC100965106 /* TaskDetailRouter.swift in Sources */ = {isa = PBXBuildFile; fileRef = 854229B32DD3ECC100965106 /* TaskDetailRouter.swift */; };
		854229B62DD3EDB300965106 /* TaskDetailsPresenter.swift in Sources */ = {isa = PBXBuildFile; fileRef = 854229B52DD3EDB300965106 /* TaskDetailsPresenter.swift */; };
		854229BA2DD3EE2800965106 /* TaskDetailsInteractor.swift in Sources */ = {isa = PBXBuildFile; fileRef = 854229B92DD3EE2800965106 /* TaskDetailsInteractor.swift */; };
		854229BC2DD3EE5C00965106 /* TaskDetailsAssembly.swift in Sources */ = {isa = PBXBuildFile; fileRef = 854229BB2DD3EE5C00965106 /* TaskDetailsAssembly.swift */; };
		854229BF2DD4DD1400965106 /* TaskEntity+CoreDataClass.swift in Sources */ = {isa = PBXBuildFile; fileRef = 854229BD2DD4DD1400965106 /* TaskEntity+CoreDataClass.swift */; };
		854229C02DD4DD1400965106 /* TaskEntity+CoreDataProperties.swift in Sources */ = {isa = PBXBuildFile; fileRef = 854229BE2DD4DD1400965106 /* TaskEntity+CoreDataProperties.swift */; };
		854229E62DD8B1F600965106 /* TaskStorageService.swift in Sources */ = {isa = PBXBuildFile; fileRef = 854229E52DD8B1F600965106 /* TaskStorageService.swift */; };
		854229E82DD8D51400965106 /* AppConstants.swift in Sources */ = {isa = PBXBuildFile; fileRef = 854229E72DD8D51400965106 /* AppConstants.swift */; };
/* End PBXBuildFile section */

/* Begin PBXContainerItemProxy section */
		8542290A2D886E2100965106 /* PBXContainerItemProxy */ = {
			isa = PBXContainerItemProxy;
			containerPortal = 854228E82D886E1F00965106 /* Project object */;
			proxyType = 1;
			remoteGlobalIDString = 854228EF2D886E1F00965106;
			remoteInfo = "ToDo List";
		};
/* End PBXContainerItemProxy section */

/* Begin PBXFileReference section */
		852992CD2DDA1FBC0087B5F9 /* TaskListPresenterTests.swift */ = {isa = PBXFileReference; lastKnownFileType = sourcecode.swift; path = TaskListPresenterTests.swift; sourceTree = "<group>"; };
		852992CF2DDA26350087B5F9 /* ToDo List.xctestplan */ = {isa = PBXFileReference; lastKnownFileType = text; path = "ToDo List.xctestplan"; sourceTree = "<group>"; };
		852992D02DDA28200087B5F9 /* TaskListInteractorTests.swift */ = {isa = PBXFileReference; lastKnownFileType = sourcecode.swift; path = TaskListInteractorTests.swift; sourceTree = "<group>"; };
		852992D22DDA28900087B5F9 /* TaskStorageServiceTests.swift */ = {isa = PBXFileReference; lastKnownFileType = sourcecode.swift; path = TaskStorageServiceTests.swift; sourceTree = "<group>"; };
		852992D42DDA29BE0087B5F9 /* NetworkServiceTests.swift */ = {isa = PBXFileReference; lastKnownFileType = sourcecode.swift; path = NetworkServiceTests.swift; sourceTree = "<group>"; };
		852992D62DDA2D840087B5F9 /* TaskDetailsPresenterTests.swift */ = {isa = PBXFileReference; lastKnownFileType = sourcecode.swift; path = TaskDetailsPresenterTests.swift; sourceTree = "<group>"; };
		852992D82DDA2E680087B5F9 /* TaskDetailsInteractorTests.swift */ = {isa = PBXFileReference; lastKnownFileType = sourcecode.swift; path = TaskDetailsInteractorTests.swift; sourceTree = "<group>"; };
		854228F02D886E1F00965106 /* ToDo List.app */ = {isa = PBXFileReference; explicitFileType = wrapper.application; includeInIndex = 0; path = "ToDo List.app"; sourceTree = BUILT_PRODUCTS_DIR; };
		854228F32D886E1F00965106 /* AppDelegate.swift */ = {isa = PBXFileReference; lastKnownFileType = sourcecode.swift; path = AppDelegate.swift; sourceTree = "<group>"; };
		854228F52D886E1F00965106 /* SceneDelegate.swift */ = {isa = PBXFileReference; lastKnownFileType = sourcecode.swift; path = SceneDelegate.swift; sourceTree = "<group>"; };
		854228F72D886E1F00965106 /* TasksListViewController.swift */ = {isa = PBXFileReference; lastKnownFileType = sourcecode.swift; path = TasksListViewController.swift; sourceTree = "<group>"; };
		854228FD2D886E1F00965106 /* ToDo_List.xcdatamodel */ = {isa = PBXFileReference; lastKnownFileType = wrapper.xcdatamodel; path = ToDo_List.xcdatamodel; sourceTree = "<group>"; };
		854228FF2D886E2100965106 /* Assets.xcassets */ = {isa = PBXFileReference; lastKnownFileType = folder.assetcatalog; path = Assets.xcassets; sourceTree = "<group>"; };
		854229022D886E2100965106 /* Base */ = {isa = PBXFileReference; lastKnownFileType = file.storyboard; name = Base; path = Base.lproj/LaunchScreen.storyboard; sourceTree = "<group>"; };
		854229042D886E2100965106 /* Info.plist */ = {isa = PBXFileReference; lastKnownFileType = text.plist.xml; path = Info.plist; sourceTree = "<group>"; };
		854229092D886E2100965106 /* ToDo ListTests.xctest */ = {isa = PBXFileReference; explicitFileType = wrapper.cfbundle; includeInIndex = 0; path = "ToDo ListTests.xctest"; sourceTree = BUILT_PRODUCTS_DIR; };
		854229262D8981DE00965106 /* TasksListRouter.swift */ = {isa = PBXFileReference; lastKnownFileType = sourcecode.swift; path = TasksListRouter.swift; sourceTree = "<group>"; };
		854229282D8983D800965106 /* TasksListPresenter.swift */ = {isa = PBXFileReference; lastKnownFileType = sourcecode.swift; path = TasksListPresenter.swift; sourceTree = "<group>"; };
		8542292C2D89849000965106 /* TasksListInteractor.swift */ = {isa = PBXFileReference; lastKnownFileType = sourcecode.swift; path = TasksListInteractor.swift; sourceTree = "<group>"; };
		8542292F2D8984F400965106 /* TasksListAssembly.swift */ = {isa = PBXFileReference; lastKnownFileType = sourcecode.swift; path = TasksListAssembly.swift; sourceTree = "<group>"; };
		854229312D919C7600965106 /* Task.swift */ = {isa = PBXFileReference; lastKnownFileType = sourcecode.swift; path = Task.swift; sourceTree = "<group>"; };
		854229332D94017000965106 /* TaskTableViewCell.swift */ = {isa = PBXFileReference; lastKnownFileType = sourcecode.swift; path = TaskTableViewCell.swift; sourceTree = "<group>"; };
		8542293F2DA6D30600965106 /* NetworkService.swift */ = {isa = PBXFileReference; lastKnownFileType = sourcecode.swift; path = NetworkService.swift; sourceTree = "<group>"; };
		854229422DBFAE2F00965106 /* TaskDetailsViewController.swift */ = {isa = PBXFileReference; lastKnownFileType = sourcecode.swift; path = TaskDetailsViewController.swift; sourceTree = "<group>"; };
		854229B32DD3ECC100965106 /* TaskDetailRouter.swift */ = {isa = PBXFileReference; lastKnownFileType = sourcecode.swift; path = TaskDetailRouter.swift; sourceTree = "<group>"; };
		854229B52DD3EDB300965106 /* TaskDetailsPresenter.swift */ = {isa = PBXFileReference; lastKnownFileType = sourcecode.swift; path = TaskDetailsPresenter.swift; sourceTree = "<group>"; };
		854229B92DD3EE2800965106 /* TaskDetailsInteractor.swift */ = {isa = PBXFileReference; lastKnownFileType = sourcecode.swift; path = TaskDetailsInteractor.swift; sourceTree = "<group>"; };
		854229BB2DD3EE5C00965106 /* TaskDetailsAssembly.swift */ = {isa = PBXFileReference; lastKnownFileType = sourcecode.swift; path = TaskDetailsAssembly.swift; sourceTree = "<group>"; };
		854229BD2DD4DD1400965106 /* TaskEntity+CoreDataClass.swift */ = {isa = PBXFileReference; lastKnownFileType = sourcecode.swift; path = "TaskEntity+CoreDataClass.swift"; sourceTree = "<group>"; };
		854229BE2DD4DD1400965106 /* TaskEntity+CoreDataProperties.swift */ = {isa = PBXFileReference; lastKnownFileType = sourcecode.swift; path = "TaskEntity+CoreDataProperties.swift"; sourceTree = "<group>"; };
		854229E52DD8B1F600965106 /* TaskStorageService.swift */ = {isa = PBXFileReference; lastKnownFileType = sourcecode.swift; path = TaskStorageService.swift; sourceTree = "<group>"; };
		854229E72DD8D51400965106 /* AppConstants.swift */ = {isa = PBXFileReference; lastKnownFileType = sourcecode.swift; path = AppConstants.swift; sourceTree = "<group>"; };
/* End PBXFileReference section */

/* Begin PBXFrameworksBuildPhase section */
		854228ED2D886E1F00965106 /* Frameworks */ = {
			isa = PBXFrameworksBuildPhase;
			buildActionMask = 2147483647;
			files = (
			);
			runOnlyForDeploymentPostprocessing = 0;
		};
		854229062D886E2100965106 /* Frameworks */ = {
			isa = PBXFrameworksBuildPhase;
			buildActionMask = 2147483647;
			files = (
			);
			runOnlyForDeploymentPostprocessing = 0;
		};
/* End PBXFrameworksBuildPhase section */

/* Begin PBXGroup section */
		854228E72D886E1F00965106 = {
			isa = PBXGroup;
			children = (
				852992CF2DDA26350087B5F9 /* ToDo List.xctestplan */,
				854228F22D886E1F00965106 /* ToDo List */,
				8542290C2D886E2100965106 /* ToDo ListTests */,
				854228F12D886E1F00965106 /* Products */,
			);
			sourceTree = "<group>";
		};
		854228F12D886E1F00965106 /* Products */ = {
			isa = PBXGroup;
			children = (
				854228F02D886E1F00965106 /* ToDo List.app */,
				854229092D886E2100965106 /* ToDo ListTests.xctest */,
			);
			name = Products;
			sourceTree = "<group>";
		};
		854228F22D886E1F00965106 /* ToDo List */ = {
			isa = PBXGroup;
			children = (
				854229E92DDA057800965106 /* Services */,
				854229412DBFAE1F00965106 /* TaskDetails */,
				8542292E2D8984AC00965106 /* TasksList */,
				854228F32D886E1F00965106 /* AppDelegate.swift */,
				854228F52D886E1F00965106 /* SceneDelegate.swift */,
				854229312D919C7600965106 /* Task.swift */,
				854229BE2DD4DD1400965106 /* TaskEntity+CoreDataProperties.swift */,
				854229BD2DD4DD1400965106 /* TaskEntity+CoreDataClass.swift */,
				854229E72DD8D51400965106 /* AppConstants.swift */,
				854228FC2D886E1F00965106 /* ToDo_List.xcdatamodeld */,
				854228FF2D886E2100965106 /* Assets.xcassets */,
				854229012D886E2100965106 /* LaunchScreen.storyboard */,
				854229042D886E2100965106 /* Info.plist */,
			);
			path = "ToDo List";
			sourceTree = "<group>";
		};
		8542290C2D886E2100965106 /* ToDo ListTests */ = {
			isa = PBXGroup;
			children = (
				852992CD2DDA1FBC0087B5F9 /* TaskListPresenterTests.swift */,
				852992D02DDA28200087B5F9 /* TaskListInteractorTests.swift */,
				852992D22DDA28900087B5F9 /* TaskStorageServiceTests.swift */,
				852992D42DDA29BE0087B5F9 /* NetworkServiceTests.swift */,
				852992D62DDA2D840087B5F9 /* TaskDetailsPresenterTests.swift */,
				852992D82DDA2E680087B5F9 /* TaskDetailsInteractorTests.swift */,
			);
			path = "ToDo ListTests";
			sourceTree = "<group>";
		};
		8542292E2D8984AC00965106 /* TasksList */ = {
			isa = PBXGroup;
			children = (
				854228F72D886E1F00965106 /* TasksListViewController.swift */,
				8542292C2D89849000965106 /* TasksListInteractor.swift */,
				854229282D8983D800965106 /* TasksListPresenter.swift */,
				854229262D8981DE00965106 /* TasksListRouter.swift */,
				8542292F2D8984F400965106 /* TasksListAssembly.swift */,
				854229332D94017000965106 /* TaskTableViewCell.swift */,
			);
			path = TasksList;
			sourceTree = "<group>";
		};
		854229412DBFAE1F00965106 /* TaskDetails */ = {
			isa = PBXGroup;
			children = (
				854229422DBFAE2F00965106 /* TaskDetailsViewController.swift */,
				854229B32DD3ECC100965106 /* TaskDetailRouter.swift */,
				854229B52DD3EDB300965106 /* TaskDetailsPresenter.swift */,
				854229B92DD3EE2800965106 /* TaskDetailsInteractor.swift */,
				854229BB2DD3EE5C00965106 /* TaskDetailsAssembly.swift */,
			);
			path = TaskDetails;
			sourceTree = "<group>";
		};
		854229E92DDA057800965106 /* Services */ = {
			isa = PBXGroup;
			children = (
				854229E52DD8B1F600965106 /* TaskStorageService.swift */,
				8542293F2DA6D30600965106 /* NetworkService.swift */,
			);
			path = Services;
			sourceTree = "<group>";
		};
/* End PBXGroup section */

/* Begin PBXNativeTarget section */
		854228EF2D886E1F00965106 /* ToDo List */ = {
			isa = PBXNativeTarget;
			buildConfigurationList = 8542291D2D886E2200965106 /* Build configuration list for PBXNativeTarget "ToDo List" */;
			buildPhases = (
				854228EC2D886E1F00965106 /* Sources */,
				854228ED2D886E1F00965106 /* Frameworks */,
				854228EE2D886E1F00965106 /* Resources */,
			);
			buildRules = (
			);
			dependencies = (
			);
			name = "ToDo List";
			productName = "ToDo List";
			productReference = 854228F02D886E1F00965106 /* ToDo List.app */;
			productType = "com.apple.product-type.application";
		};
		854229082D886E2100965106 /* ToDo ListTests */ = {
			isa = PBXNativeTarget;
			buildConfigurationList = 854229202D886E2200965106 /* Build configuration list for PBXNativeTarget "ToDo ListTests" */;
			buildPhases = (
				854229052D886E2100965106 /* Sources */,
				854229062D886E2100965106 /* Frameworks */,
				854229072D886E2100965106 /* Resources */,
			);
			buildRules = (
			);
			dependencies = (
				8542290B2D886E2100965106 /* PBXTargetDependency */,
			);
			name = "ToDo ListTests";
			productName = "ToDo ListTests";
			productReference = 854229092D886E2100965106 /* ToDo ListTests.xctest */;
			productType = "com.apple.product-type.bundle.unit-test";
		};
/* End PBXNativeTarget section */

/* Begin PBXProject section */
		854228E82D886E1F00965106 /* Project object */ = {
			isa = PBXProject;
			attributes = {
				BuildIndependentTargetsInParallel = 1;
				LastSwiftUpdateCheck = 1530;
				LastUpgradeCheck = 1530;
				TargetAttributes = {
					854228EF2D886E1F00965106 = {
						CreatedOnToolsVersion = 15.3;
					};
					854229082D886E2100965106 = {
						CreatedOnToolsVersion = 15.3;
						LastSwiftMigration = 1530;
						TestTargetID = 854228EF2D886E1F00965106;
					};
				};
			};
			buildConfigurationList = 854228EB2D886E1F00965106 /* Build configuration list for PBXProject "ToDo List" */;
			compatibilityVersion = "Xcode 14.0";
			developmentRegion = en;
			hasScannedForEncodings = 0;
			knownRegions = (
				en,
				Base,
			);
			mainGroup = 854228E72D886E1F00965106;
			productRefGroup = 854228F12D886E1F00965106 /* Products */;
			projectDirPath = "";
			projectRoot = "";
			targets = (
				854228EF2D886E1F00965106 /* ToDo List */,
				854229082D886E2100965106 /* ToDo ListTests */,
			);
		};
/* End PBXProject section */

/* Begin PBXResourcesBuildPhase section */
		854228EE2D886E1F00965106 /* Resources */ = {
			isa = PBXResourcesBuildPhase;
			buildActionMask = 2147483647;
			files = (
				854229002D886E2100965106 /* Assets.xcassets in Resources */,
				854229032D886E2100965106 /* Base in Resources */,
			);
			runOnlyForDeploymentPostprocessing = 0;
		};
		854229072D886E2100965106 /* Resources */ = {
			isa = PBXResourcesBuildPhase;
			buildActionMask = 2147483647;
			files = (
			);
			runOnlyForDeploymentPostprocessing = 0;
		};
/* End PBXResourcesBuildPhase section */

/* Begin PBXSourcesBuildPhase section */
		854228EC2D886E1F00965106 /* Sources */ = {
			isa = PBXSourcesBuildPhase;
			buildActionMask = 2147483647;
			files = (
				854228F82D886E1F00965106 /* TasksListViewController.swift in Sources */,
				854229BA2DD3EE2800965106 /* TaskDetailsInteractor.swift in Sources */,
				854229292D8983D800965106 /* TasksListPresenter.swift in Sources */,
				854229342D94017000965106 /* TaskTableViewCell.swift in Sources */,
				854228F42D886E1F00965106 /* AppDelegate.swift in Sources */,
				854229B42DD3ECC100965106 /* TaskDetailRouter.swift in Sources */,
				854228F62D886E1F00965106 /* SceneDelegate.swift in Sources */,
				854229302D8984F400965106 /* TasksListAssembly.swift in Sources */,
				854229272D8981DE00965106 /* TasksListRouter.swift in Sources */,
				8542292D2D89849000965106 /* TasksListInteractor.swift in Sources */,
				854229322D919C7600965106 /* Task.swift in Sources */,
				854228FE2D886E1F00965106 /* ToDo_List.xcdatamodeld in Sources */,
				854229BF2DD4DD1400965106 /* TaskEntity+CoreDataClass.swift in Sources */,
				854229C02DD4DD1400965106 /* TaskEntity+CoreDataProperties.swift in Sources */,
				854229432DBFAE2F00965106 /* TaskDetailsViewController.swift in Sources */,
				854229BC2DD3EE5C00965106 /* TaskDetailsAssembly.swift in Sources */,
				854229B62DD3EDB300965106 /* TaskDetailsPresenter.swift in Sources */,
				854229E62DD8B1F600965106 /* TaskStorageService.swift in Sources */,
				854229402DA6D30600965106 /* NetworkService.swift in Sources */,
				854229E82DD8D51400965106 /* AppConstants.swift in Sources */,
			);
			runOnlyForDeploymentPostprocessing = 0;
		};
		854229052D886E2100965106 /* Sources */ = {
			isa = PBXSourcesBuildPhase;
			buildActionMask = 2147483647;
			files = (
				852992D32DDA28900087B5F9 /* TaskStorageServiceTests.swift in Sources */,
				852992CE2DDA1FBC0087B5F9 /* TaskListPresenterTests.swift in Sources */,
				852992D92DDA2E680087B5F9 /* TaskDetailsInteractorTests.swift in Sources */,
				852992D72DDA2D840087B5F9 /* TaskDetailsPresenterTests.swift in Sources */,
				852992D52DDA29BE0087B5F9 /* NetworkServiceTests.swift in Sources */,
				852992D12DDA28200087B5F9 /* TaskListInteractorTests.swift in Sources */,
			);
			runOnlyForDeploymentPostprocessing = 0;
		};
/* End PBXSourcesBuildPhase section */

/* Begin PBXTargetDependency section */
		8542290B2D886E2100965106 /* PBXTargetDependency */ = {
			isa = PBXTargetDependency;
			target = 854228EF2D886E1F00965106 /* ToDo List */;
			targetProxy = 8542290A2D886E2100965106 /* PBXContainerItemProxy */;
		};
/* End PBXTargetDependency section */

/* Begin PBXVariantGroup section */
		854229012D886E2100965106 /* LaunchScreen.storyboard */ = {
			isa = PBXVariantGroup;
			children = (
				854229022D886E2100965106 /* Base */,
			);
			name = LaunchScreen.storyboard;
			sourceTree = "<group>";
		};
/* End PBXVariantGroup section */

/* Begin XCBuildConfiguration section */
		8542291B2D886E2200965106 /* Debug */ = {
			isa = XCBuildConfiguration;
			buildSettings = {
				ALWAYS_SEARCH_USER_PATHS = NO;
				ASSETCATALOG_COMPILER_GENERATE_SWIFT_ASSET_SYMBOL_EXTENSIONS = YES;
				CLANG_ANALYZER_NONNULL = YES;
				CLANG_ANALYZER_NUMBER_OBJECT_CONVERSION = YES_AGGRESSIVE;
				CLANG_CXX_LANGUAGE_STANDARD = "gnu++20";
				CLANG_ENABLE_MODULES = YES;
				CLANG_ENABLE_OBJC_ARC = YES;
				CLANG_ENABLE_OBJC_WEAK = YES;
				CLANG_WARN_BLOCK_CAPTURE_AUTORELEASING = YES;
				CLANG_WARN_BOOL_CONVERSION = YES;
				CLANG_WARN_COMMA = YES;
				CLANG_WARN_CONSTANT_CONVERSION = YES;
				CLANG_WARN_DEPRECATED_OBJC_IMPLEMENTATIONS = YES;
				CLANG_WARN_DIRECT_OBJC_ISA_USAGE = YES_ERROR;
				CLANG_WARN_DOCUMENTATION_COMMENTS = YES;
				CLANG_WARN_EMPTY_BODY = YES;
				CLANG_WARN_ENUM_CONVERSION = YES;
				CLANG_WARN_INFINITE_RECURSION = YES;
				CLANG_WARN_INT_CONVERSION = YES;
				CLANG_WARN_NON_LITERAL_NULL_CONVERSION = YES;
				CLANG_WARN_OBJC_IMPLICIT_RETAIN_SELF = YES;
				CLANG_WARN_OBJC_LITERAL_CONVERSION = YES;
				CLANG_WARN_OBJC_ROOT_CLASS = YES_ERROR;
				CLANG_WARN_QUOTED_INCLUDE_IN_FRAMEWORK_HEADER = YES;
				CLANG_WARN_RANGE_LOOP_ANALYSIS = YES;
				CLANG_WARN_STRICT_PROTOTYPES = YES;
				CLANG_WARN_SUSPICIOUS_MOVE = YES;
				CLANG_WARN_UNGUARDED_AVAILABILITY = YES_AGGRESSIVE;
				CLANG_WARN_UNREACHABLE_CODE = YES;
				CLANG_WARN__DUPLICATE_METHOD_MATCH = YES;
				COPY_PHASE_STRIP = NO;
				DEBUG_INFORMATION_FORMAT = dwarf;
				ENABLE_STRICT_OBJC_MSGSEND = YES;
				ENABLE_TESTABILITY = YES;
				ENABLE_USER_SCRIPT_SANDBOXING = YES;
				GCC_C_LANGUAGE_STANDARD = gnu17;
				GCC_DYNAMIC_NO_PIC = NO;
				GCC_NO_COMMON_BLOCKS = YES;
				GCC_OPTIMIZATION_LEVEL = 0;
				GCC_PREPROCESSOR_DEFINITIONS = (
					"DEBUG=1",
					"$(inherited)",
				);
				GCC_WARN_64_TO_32_BIT_CONVERSION = YES;
				GCC_WARN_ABOUT_RETURN_TYPE = YES_ERROR;
				GCC_WARN_UNDECLARED_SELECTOR = YES;
				GCC_WARN_UNINITIALIZED_AUTOS = YES_AGGRESSIVE;
				GCC_WARN_UNUSED_FUNCTION = YES;
				GCC_WARN_UNUSED_VARIABLE = YES;
				IPHONEOS_DEPLOYMENT_TARGET = 17.4;
				LOCALIZATION_PREFERS_STRING_CATALOGS = YES;
				MTL_ENABLE_DEBUG_INFO = INCLUDE_SOURCE;
				MTL_FAST_MATH = YES;
				ONLY_ACTIVE_ARCH = YES;
				SDKROOT = iphoneos;
				SWIFT_ACTIVE_COMPILATION_CONDITIONS = "DEBUG $(inherited)";
				SWIFT_OPTIMIZATION_LEVEL = "-Onone";
			};
			name = Debug;
		};
		8542291C2D886E2200965106 /* Release */ = {
			isa = XCBuildConfiguration;
			buildSettings = {
				ALWAYS_SEARCH_USER_PATHS = NO;
				ASSETCATALOG_COMPILER_GENERATE_SWIFT_ASSET_SYMBOL_EXTENSIONS = YES;
				CLANG_ANALYZER_NONNULL = YES;
				CLANG_ANALYZER_NUMBER_OBJECT_CONVERSION = YES_AGGRESSIVE;
				CLANG_CXX_LANGUAGE_STANDARD = "gnu++20";
				CLANG_ENABLE_MODULES = YES;
				CLANG_ENABLE_OBJC_ARC = YES;
				CLANG_ENABLE_OBJC_WEAK = YES;
				CLANG_WARN_BLOCK_CAPTURE_AUTORELEASING = YES;
				CLANG_WARN_BOOL_CONVERSION = YES;
				CLANG_WARN_COMMA = YES;
				CLANG_WARN_CONSTANT_CONVERSION = YES;
				CLANG_WARN_DEPRECATED_OBJC_IMPLEMENTATIONS = YES;
				CLANG_WARN_DIRECT_OBJC_ISA_USAGE = YES_ERROR;
				CLANG_WARN_DOCUMENTATION_COMMENTS = YES;
				CLANG_WARN_EMPTY_BODY = YES;
				CLANG_WARN_ENUM_CONVERSION = YES;
				CLANG_WARN_INFINITE_RECURSION = YES;
				CLANG_WARN_INT_CONVERSION = YES;
				CLANG_WARN_NON_LITERAL_NULL_CONVERSION = YES;
				CLANG_WARN_OBJC_IMPLICIT_RETAIN_SELF = YES;
				CLANG_WARN_OBJC_LITERAL_CONVERSION = YES;
				CLANG_WARN_OBJC_ROOT_CLASS = YES_ERROR;
				CLANG_WARN_QUOTED_INCLUDE_IN_FRAMEWORK_HEADER = YES;
				CLANG_WARN_RANGE_LOOP_ANALYSIS = YES;
				CLANG_WARN_STRICT_PROTOTYPES = YES;
				CLANG_WARN_SUSPICIOUS_MOVE = YES;
				CLANG_WARN_UNGUARDED_AVAILABILITY = YES_AGGRESSIVE;
				CLANG_WARN_UNREACHABLE_CODE = YES;
				CLANG_WARN__DUPLICATE_METHOD_MATCH = YES;
				COPY_PHASE_STRIP = NO;
				DEBUG_INFORMATION_FORMAT = "dwarf-with-dsym";
				ENABLE_NS_ASSERTIONS = NO;
				ENABLE_STRICT_OBJC_MSGSEND = YES;
				ENABLE_USER_SCRIPT_SANDBOXING = YES;
				GCC_C_LANGUAGE_STANDARD = gnu17;
				GCC_NO_COMMON_BLOCKS = YES;
				GCC_WARN_64_TO_32_BIT_CONVERSION = YES;
				GCC_WARN_ABOUT_RETURN_TYPE = YES_ERROR;
				GCC_WARN_UNDECLARED_SELECTOR = YES;
				GCC_WARN_UNINITIALIZED_AUTOS = YES_AGGRESSIVE;
				GCC_WARN_UNUSED_FUNCTION = YES;
				GCC_WARN_UNUSED_VARIABLE = YES;
				IPHONEOS_DEPLOYMENT_TARGET = 17.4;
				LOCALIZATION_PREFERS_STRING_CATALOGS = YES;
				MTL_ENABLE_DEBUG_INFO = NO;
				MTL_FAST_MATH = YES;
				SDKROOT = iphoneos;
				SWIFT_COMPILATION_MODE = wholemodule;
				VALIDATE_PRODUCT = YES;
			};
			name = Release;
		};
		8542291E2D886E2200965106 /* Debug */ = {
			isa = XCBuildConfiguration;
			buildSettings = {
				ASSETCATALOG_COMPILER_APPICON_NAME = AppIcon;
				ASSETCATALOG_COMPILER_GLOBAL_ACCENT_COLOR_NAME = AccentColor;
				CODE_SIGN_STYLE = Automatic;
				CURRENT_PROJECT_VERSION = 1;
				DEVELOPMENT_TEAM = 22SF4Z93AM;
				GENERATE_INFOPLIST_FILE = YES;
				INFOPLIST_FILE = "ToDo List/Info.plist";
				INFOPLIST_KEY_UIApplicationSupportsIndirectInputEvents = YES;
				INFOPLIST_KEY_UILaunchStoryboardName = LaunchScreen;
				INFOPLIST_KEY_UISupportedInterfaceOrientations_iPad = "UIInterfaceOrientationPortrait UIInterfaceOrientationPortraitUpsideDown UIInterfaceOrientationLandscapeLeft UIInterfaceOrientationLandscapeRight";
				INFOPLIST_KEY_UISupportedInterfaceOrientations_iPhone = "UIInterfaceOrientationPortrait UIInterfaceOrientationLandscapeLeft UIInterfaceOrientationLandscapeRight";
				LD_RUNPATH_SEARCH_PATHS = (
					"$(inherited)",
					"@executable_path/Frameworks",
				);
				MARKETING_VERSION = 1.0;
				PRODUCT_BUNDLE_IDENTIFIER = "ru.hse.ToDo-List";
				PRODUCT_NAME = "$(TARGET_NAME)";
				SWIFT_EMIT_LOC_STRINGS = YES;
				SWIFT_VERSION = 5.0;
				TARGETED_DEVICE_FAMILY = "1,2";
			};
			name = Debug;
		};
		8542291F2D886E2200965106 /* Release */ = {
			isa = XCBuildConfiguration;
			buildSettings = {
				ASSETCATALOG_COMPILER_APPICON_NAME = AppIcon;
				ASSETCATALOG_COMPILER_GLOBAL_ACCENT_COLOR_NAME = AccentColor;
				CODE_SIGN_STYLE = Automatic;
				CURRENT_PROJECT_VERSION = 1;
				DEVELOPMENT_TEAM = 22SF4Z93AM;
				GENERATE_INFOPLIST_FILE = YES;
				INFOPLIST_FILE = "ToDo List/Info.plist";
				INFOPLIST_KEY_UIApplicationSupportsIndirectInputEvents = YES;
				INFOPLIST_KEY_UILaunchStoryboardName = LaunchScreen;
				INFOPLIST_KEY_UISupportedInterfaceOrientations_iPad = "UIInterfaceOrientationPortrait UIInterfaceOrientationPortraitUpsideDown UIInterfaceOrientationLandscapeLeft UIInterfaceOrientationLandscapeRight";
				INFOPLIST_KEY_UISupportedInterfaceOrientations_iPhone = "UIInterfaceOrientationPortrait UIInterfaceOrientationLandscapeLeft UIInterfaceOrientationLandscapeRight";
				LD_RUNPATH_SEARCH_PATHS = (
					"$(inherited)",
					"@executable_path/Frameworks",
				);
				MARKETING_VERSION = 1.0;
				PRODUCT_BUNDLE_IDENTIFIER = "ru.hse.ToDo-List";
				PRODUCT_NAME = "$(TARGET_NAME)";
				SWIFT_EMIT_LOC_STRINGS = YES;
				SWIFT_VERSION = 5.0;
				TARGETED_DEVICE_FAMILY = "1,2";
			};
			name = Release;
		};
		854229212D886E2200965106 /* Debug */ = {
			isa = XCBuildConfiguration;
			buildSettings = {
				ALWAYS_EMBED_SWIFT_STANDARD_LIBRARIES = YES;
				BUNDLE_LOADER = "$(TEST_HOST)";
				CLANG_ENABLE_MODULES = YES;
				CODE_SIGN_STYLE = Automatic;
				CURRENT_PROJECT_VERSION = 1;
				DEVELOPMENT_TEAM = 22SF4Z93AM;
				GENERATE_INFOPLIST_FILE = YES;
				IPHONEOS_DEPLOYMENT_TARGET = 17.4;
				MARKETING_VERSION = 1.0;
				PRODUCT_BUNDLE_IDENTIFIER = "ru.hse.ToDo-ListTests";
				PRODUCT_NAME = "$(TARGET_NAME)";
				SWIFT_EMIT_LOC_STRINGS = NO;
				SWIFT_OPTIMIZATION_LEVEL = "-Onone";
				SWIFT_VERSION = 5.0;
				TARGETED_DEVICE_FAMILY = "1,2";
				TEST_HOST = "$(BUILT_PRODUCTS_DIR)/ToDo List.app/$(BUNDLE_EXECUTABLE_FOLDER_PATH)/ToDo List";
			};
			name = Debug;
		};
		854229222D886E2200965106 /* Release */ = {
			isa = XCBuildConfiguration;
			buildSettings = {
				ALWAYS_EMBED_SWIFT_STANDARD_LIBRARIES = YES;
				BUNDLE_LOADER = "$(TEST_HOST)";
				CLANG_ENABLE_MODULES = YES;
				CODE_SIGN_STYLE = Automatic;
				CURRENT_PROJECT_VERSION = 1;
				DEVELOPMENT_TEAM = 22SF4Z93AM;
				GENERATE_INFOPLIST_FILE = YES;
				IPHONEOS_DEPLOYMENT_TARGET = 17.4;
				MARKETING_VERSION = 1.0;
				PRODUCT_BUNDLE_IDENTIFIER = "ru.hse.ToDo-ListTests";
				PRODUCT_NAME = "$(TARGET_NAME)";
				SWIFT_EMIT_LOC_STRINGS = NO;
				SWIFT_VERSION = 5.0;
				TARGETED_DEVICE_FAMILY = "1,2";
				TEST_HOST = "$(BUILT_PRODUCTS_DIR)/ToDo List.app/$(BUNDLE_EXECUTABLE_FOLDER_PATH)/ToDo List";
			};
			name = Release;
		};
/* End XCBuildConfiguration section */

/* Begin XCConfigurationList section */
		854228EB2D886E1F00965106 /* Build configuration list for PBXProject "ToDo List" */ = {
			isa = XCConfigurationList;
			buildConfigurations = (
				8542291B2D886E2200965106 /* Debug */,
				8542291C2D886E2200965106 /* Release */,
			);
			defaultConfigurationIsVisible = 0;
			defaultConfigurationName = Release;
		};
		8542291D2D886E2200965106 /* Build configuration list for PBXNativeTarget "ToDo List" */ = {
			isa = XCConfigurationList;
			buildConfigurations = (
				8542291E2D886E2200965106 /* Debug */,
				8542291F2D886E2200965106 /* Release */,
			);
			defaultConfigurationIsVisible = 0;
			defaultConfigurationName = Release;
		};
		854229202D886E2200965106 /* Build configuration list for PBXNativeTarget "ToDo ListTests" */ = {
			isa = XCConfigurationList;
			buildConfigurations = (
				854229212D886E2200965106 /* Debug */,
				854229222D886E2200965106 /* Release */,
			);
			defaultConfigurationIsVisible = 0;
			defaultConfigurationName = Release;
		};
/* End XCConfigurationList section */

/* Begin XCVersionGroup section */
		854228FC2D886E1F00965106 /* ToDo_List.xcdatamodeld */ = {
			isa = XCVersionGroup;
			children = (
				854228FD2D886E1F00965106 /* ToDo_List.xcdatamodel */,
			);
			currentVersion = 854228FD2D886E1F00965106 /* ToDo_List.xcdatamodel */;
			path = ToDo_List.xcdatamodeld;
			sourceTree = "<group>";
			versionGroupType = wrapper.xcdatamodel;
		};
/* End XCVersionGroup section */
	};
	rootObject = 854228E82D886E1F00965106 /* Project object */;
}
